
Microsoft Visual Studio Solution File, Format Version 12.00
# Visual Studio 14
VisualStudioVersion = 14.0.25420.1
MinimumVisualStudioVersion = 10.0.40219.1
Project("{8BC9CEB8-8B4A-11D0-8D11-00A0C91BC942}") = "App_BulletExampleBrowser", "App_BulletExampleBrowser.vcxproj", "{9233A00B-2F55-794A-BE75-7AF7306F3697}"
	ProjectSection(ProjectDependencies) = postProject
		{ABC54DB2-233F-C44D-B5DD-8CF59265BACA} = {ABC54DB2-233F-C44D-B5DD-8CF59265BACA}
		{78F84817-A50D-CC45-8BAB-BCE2DD0A06B8} = {78F84817-A50D-CC45-8BAB-BCE2DD0A06B8}
		{9AC5BF69-FCF7-5A42-8FB9-C1476F52A2B1} = {9AC5BF69-FCF7-5A42-8FB9-C1476F52A2B1}
		{9987E520-6B84-9D47-9B8F-DBF2655C917A} = {9987E520-6B84-9D47-9B8F-DBF2655C917A}
		{22176CB9-0B27-0F4B-8249-559238D93372} = {22176CB9-0B27-0F4B-8249-559238D93372}
		{37032515-9F3C-B74D-8179-FF74F402F17D} = {37032515-9F3C-B74D-8179-FF74F402F17D}
		{9CC1D2EC-6CCB-8A41-AC81-19FD3296B52E} = {9CC1D2EC-6CCB-8A41-AC81-19FD3296B52E}
		{20FC7AF7-A8BD-6446-BF3C-367470950CC8} = {20FC7AF7-A8BD-6446-BF3C-367470950CC8}
		{2A3727D9-9A74-A042-9D05-F57047CE1891} = {2A3727D9-9A74-A042-9D05-F57047CE1891}
		{5E9AC8B9-9140-A94C-8BEE-BC9D86D7027F} = {5E9AC8B9-9140-A94C-8BEE-BC9D86D7027F}
		{859F7E3F-E6F1-6948-A1A7-4106DE329AF1} = {859F7E3F-E6F1-6948-A1A7-4106DE329AF1}
		{4ACE1187-D08D-B14F-B260-12D5259FB1A4} = {4ACE1187-D08D-B14F-B260-12D5259FB1A4}
		{B46D1595-5AD1-F84D-A96F-13074B0A1E52} = {B46D1595-5AD1-F84D-A96F-13074B0A1E52}
		{B3E70E24-CA64-314F-9D18-09D5A87B1D4B} = {B3E70E24-CA64-314F-9D18-09D5A87B1D4B}
	EndProjectSection
EndProject
Project("{8BC9CEB8-8B4A-11D0-8D11-00A0C91BC942}") = "BulletExampleBrowserLib", "BulletExampleBrowserLib.vcxproj", "{ABC54DB2-233F-C44D-B5DD-8CF59265BACA}"
EndProject
Project("{8BC9CEB8-8B4A-11D0-8D11-00A0C91BC942}") = "OpenGL_Window", "OpenGL_Window.vcxproj", "{9AC5BF69-FCF7-5A42-8FB9-C1476F52A2B1}"
EndProject
Project("{8BC9CEB8-8B4A-11D0-8D11-00A0C91BC942}") = "gwen", "gwen.vcxproj", "{78F84817-A50D-CC45-8BAB-BCE2DD0A06B8}"
EndProject
Project("{8BC9CEB8-8B4A-11D0-8D11-00A0C91BC942}") = "App_SimpleOpenGL3", "App_SimpleOpenGL3.vcxproj", "{AA940BD9-5DF3-7D45-9452-070D82FD1406}"
	ProjectSection(ProjectDependencies) = postProject
		{9AC5BF69-FCF7-5A42-8FB9-C1476F52A2B1} = {9AC5BF69-FCF7-5A42-8FB9-C1476F52A2B1}
		{5E9AC8B9-9140-A94C-8BEE-BC9D86D7027F} = {5E9AC8B9-9140-A94C-8BEE-BC9D86D7027F}
	EndProjectSection
EndProject
Project("{8BC9CEB8-8B4A-11D0-8D11-00A0C91BC942}") = "App_TinyRenderer", "App_TinyRenderer.vcxproj", "{05F6DE90-F2A2-C04C-9CCA-A58AA5D951A8}"
	ProjectSection(ProjectDependencies) = postProject
		{9AC5BF69-FCF7-5A42-8FB9-C1476F52A2B1} = {9AC5BF69-FCF7-5A42-8FB9-C1476F52A2B1}
		{5E9AC8B9-9140-A94C-8BEE-BC9D86D7027F} = {5E9AC8B9-9140-A94C-8BEE-BC9D86D7027F}
	EndProjectSection
EndProject
Project("{8BC9CEB8-8B4A-11D0-8D11-00A0C91BC942}") = "App_HelloWorld", "App_HelloWorld.vcxproj", "{524374DE-874B-EA48-A25D-1F78F6A3AB5C}"
	ProjectSection(ProjectDependencies) = postProject
		{9CC1D2EC-6CCB-8A41-AC81-19FD3296B52E} = {9CC1D2EC-6CCB-8A41-AC81-19FD3296B52E}
		{20FC7AF7-A8BD-6446-BF3C-367470950CC8} = {20FC7AF7-A8BD-6446-BF3C-367470950CC8}
		{2A3727D9-9A74-A042-9D05-F57047CE1891} = {2A3727D9-9A74-A042-9D05-F57047CE1891}
	EndProjectSection
EndProject
Project("{8BC9CEB8-8B4A-11D0-8D11-00A0C91BC942}") = "App_BasicExample", "App_BasicExample.vcxproj", "{6793E7EC-13A1-4D4C-B8BE-E6C0D5450453}"
	ProjectSection(ProjectDependencies) = postProject
		{9CC1D2EC-6CCB-8A41-AC81-19FD3296B52E} = {9CC1D2EC-6CCB-8A41-AC81-19FD3296B52E}
		{20FC7AF7-A8BD-6446-BF3C-367470950CC8} = {20FC7AF7-A8BD-6446-BF3C-367470950CC8}
		{2A3727D9-9A74-A042-9D05-F57047CE1891} = {2A3727D9-9A74-A042-9D05-F57047CE1891}
	EndProjectSection
EndProject
Project("{8BC9CEB8-8B4A-11D0-8D11-00A0C91BC942}") = "App_BasicExampleGui", "App_BasicExampleGui.vcxproj", "{51513FB4-49B8-A143-B8E0-AF13E5F393C5}"
	ProjectSection(ProjectDependencies) = postProject
		{9CC1D2EC-6CCB-8A41-AC81-19FD3296B52E} = {9CC1D2EC-6CCB-8A41-AC81-19FD3296B52E}
		{20FC7AF7-A8BD-6446-BF3C-367470950CC8} = {20FC7AF7-A8BD-6446-BF3C-367470950CC8}
		{2A3727D9-9A74-A042-9D05-F57047CE1891} = {2A3727D9-9A74-A042-9D05-F57047CE1891}
		{9AC5BF69-FCF7-5A42-8FB9-C1476F52A2B1} = {9AC5BF69-FCF7-5A42-8FB9-C1476F52A2B1}
		{5E9AC8B9-9140-A94C-8BEE-BC9D86D7027F} = {5E9AC8B9-9140-A94C-8BEE-BC9D86D7027F}
	EndProjectSection
EndProject
Project("{8BC9CEB8-8B4A-11D0-8D11-00A0C91BC942}") = "App_BasicExampleGuiWithSoftwareRenderer", "App_BasicExampleGuiWithSoftwareRenderer.vcxproj", "{991991E3-8526-E645-8191-C5F380524BF7}"
	ProjectSection(ProjectDependencies) = postProject
		{9CC1D2EC-6CCB-8A41-AC81-19FD3296B52E} = {9CC1D2EC-6CCB-8A41-AC81-19FD3296B52E}
		{20FC7AF7-A8BD-6446-BF3C-367470950CC8} = {20FC7AF7-A8BD-6446-BF3C-367470950CC8}
		{2A3727D9-9A74-A042-9D05-F57047CE1891} = {2A3727D9-9A74-A042-9D05-F57047CE1891}
		{9AC5BF69-FCF7-5A42-8FB9-C1476F52A2B1} = {9AC5BF69-FCF7-5A42-8FB9-C1476F52A2B1}
		{5E9AC8B9-9140-A94C-8BEE-BC9D86D7027F} = {5E9AC8B9-9140-A94C-8BEE-BC9D86D7027F}
	EndProjectSection
EndProject
Project("{8BC9CEB8-8B4A-11D0-8D11-00A0C91BC942}") = "App_BasicExampleTinyRenderer", "App_BasicExampleTinyRenderer.vcxproj", "{881D5D25-2658-6F46-A11D-1C0CEF3BF7DA}"
	ProjectSection(ProjectDependencies) = postProject
		{9CC1D2EC-6CCB-8A41-AC81-19FD3296B52E} = {9CC1D2EC-6CCB-8A41-AC81-19FD3296B52E}
		{20FC7AF7-A8BD-6446-BF3C-367470950CC8} = {20FC7AF7-A8BD-6446-BF3C-367470950CC8}
		{2A3727D9-9A74-A042-9D05-F57047CE1891} = {2A3727D9-9A74-A042-9D05-F57047CE1891}
		{5E9AC8B9-9140-A94C-8BEE-BC9D86D7027F} = {5E9AC8B9-9140-A94C-8BEE-BC9D86D7027F}
	EndProjectSection
EndProject
Project("{8BC9CEB8-8B4A-11D0-8D11-00A0C91BC942}") = "App_BasicExampleVR", "App_BasicExampleVR.vcxproj", "{51D5F615-0C70-9942-BE41-8BF612846281}"
	ProjectSection(ProjectDependencies) = postProject
		{9CC1D2EC-6CCB-8A41-AC81-19FD3296B52E} = {9CC1D2EC-6CCB-8A41-AC81-19FD3296B52E}
		{20FC7AF7-A8BD-6446-BF3C-367470950CC8} = {20FC7AF7-A8BD-6446-BF3C-367470950CC8}
		{2A3727D9-9A74-A042-9D05-F57047CE1891} = {2A3727D9-9A74-A042-9D05-F57047CE1891}
		{9AC5BF69-FCF7-5A42-8FB9-C1476F52A2B1} = {9AC5BF69-FCF7-5A42-8FB9-C1476F52A2B1}
		{5E9AC8B9-9140-A94C-8BEE-BC9D86D7027F} = {5E9AC8B9-9140-A94C-8BEE-BC9D86D7027F}
	EndProjectSection
EndProject
Project("{8BC9CEB8-8B4A-11D0-8D11-00A0C91BC942}") = "App_InverseDynamicsExample", "App_InverseDynamicsExample.vcxproj", "{2DB853C2-AF29-A34D-89E5-BF7CD089AD06}"
	ProjectSection(ProjectDependencies) = postProject
		{22176CB9-0B27-0F4B-8249-559238D93372} = {22176CB9-0B27-0F4B-8249-559238D93372}
		{37032515-9F3C-B74D-8179-FF74F402F17D} = {37032515-9F3C-B74D-8179-FF74F402F17D}
		{5E9AC8B9-9140-A94C-8BEE-BC9D86D7027F} = {5E9AC8B9-9140-A94C-8BEE-BC9D86D7027F}
		{9CC1D2EC-6CCB-8A41-AC81-19FD3296B52E} = {9CC1D2EC-6CCB-8A41-AC81-19FD3296B52E}
		{20FC7AF7-A8BD-6446-BF3C-367470950CC8} = {20FC7AF7-A8BD-6446-BF3C-367470950CC8}
		{2A3727D9-9A74-A042-9D05-F57047CE1891} = {2A3727D9-9A74-A042-9D05-F57047CE1891}
	EndProjectSection
EndProject
Project("{8BC9CEB8-8B4A-11D0-8D11-00A0C91BC942}") = "App_InverseDynamicsExampleGui", "App_InverseDynamicsExampleGui.vcxproj", "{61AA13D3-942E-C64D-BC3D-428E089B0384}"
	ProjectSection(ProjectDependencies) = postProject
		{22176CB9-0B27-0F4B-8249-559238D93372} = {22176CB9-0B27-0F4B-8249-559238D93372}
		{37032515-9F3C-B74D-8179-FF74F402F17D} = {37032515-9F3C-B74D-8179-FF74F402F17D}
		{9CC1D2EC-6CCB-8A41-AC81-19FD3296B52E} = {9CC1D2EC-6CCB-8A41-AC81-19FD3296B52E}
		{20FC7AF7-A8BD-6446-BF3C-367470950CC8} = {20FC7AF7-A8BD-6446-BF3C-367470950CC8}
		{2A3727D9-9A74-A042-9D05-F57047CE1891} = {2A3727D9-9A74-A042-9D05-F57047CE1891}
		{9AC5BF69-FCF7-5A42-8FB9-C1476F52A2B1} = {9AC5BF69-FCF7-5A42-8FB9-C1476F52A2B1}
		{5E9AC8B9-9140-A94C-8BEE-BC9D86D7027F} = {5E9AC8B9-9140-A94C-8BEE-BC9D86D7027F}
	EndProjectSection
EndProject
Project("{8BC9CEB8-8B4A-11D0-8D11-00A0C91BC942}") = "App_InverseDynamicsExampleGuiWithSoftwareRenderer", "App_InverseDynamicsExampleGuiWithSoftwareRenderer.vcxproj", "{E618066B-6324-A44F-8336-AD27BE994C4D}"
	ProjectSection(ProjectDependencies) = postProject
		{22176CB9-0B27-0F4B-8249-559238D93372} = {22176CB9-0B27-0F4B-8249-559238D93372}
		{37032515-9F3C-B74D-8179-FF74F402F17D} = {37032515-9F3C-B74D-8179-FF74F402F17D}
		{9CC1D2EC-6CCB-8A41-AC81-19FD3296B52E} = {9CC1D2EC-6CCB-8A41-AC81-19FD3296B52E}
		{20FC7AF7-A8BD-6446-BF3C-367470950CC8} = {20FC7AF7-A8BD-6446-BF3C-367470950CC8}
		{2A3727D9-9A74-A042-9D05-F57047CE1891} = {2A3727D9-9A74-A042-9D05-F57047CE1891}
		{9AC5BF69-FCF7-5A42-8FB9-C1476F52A2B1} = {9AC5BF69-FCF7-5A42-8FB9-C1476F52A2B1}
		{5E9AC8B9-9140-A94C-8BEE-BC9D86D7027F} = {5E9AC8B9-9140-A94C-8BEE-BC9D86D7027F}
	EndProjectSection
EndProject
Project("{8BC9CEB8-8B4A-11D0-8D11-00A0C91BC942}") = "App_InverseDynamicsExampleTinyRenderer", "App_InverseDynamicsExampleTinyRenderer.vcxproj", "{2D105A9B-1F0B-9344-BAB9-FE36D5C46E37}"
	ProjectSection(ProjectDependencies) = postProject
		{22176CB9-0B27-0F4B-8249-559238D93372} = {22176CB9-0B27-0F4B-8249-559238D93372}
		{37032515-9F3C-B74D-8179-FF74F402F17D} = {37032515-9F3C-B74D-8179-FF74F402F17D}
		{9CC1D2EC-6CCB-8A41-AC81-19FD3296B52E} = {9CC1D2EC-6CCB-8A41-AC81-19FD3296B52E}
		{20FC7AF7-A8BD-6446-BF3C-367470950CC8} = {20FC7AF7-A8BD-6446-BF3C-367470950CC8}
		{2A3727D9-9A74-A042-9D05-F57047CE1891} = {2A3727D9-9A74-A042-9D05-F57047CE1891}
		{5E9AC8B9-9140-A94C-8BEE-BC9D86D7027F} = {5E9AC8B9-9140-A94C-8BEE-BC9D86D7027F}
	EndProjectSection
EndProject
Project("{8BC9CEB8-8B4A-11D0-8D11-00A0C91BC942}") = "App_RigidBodyFromObjExample", "App_RigidBodyFromObjExample.vcxproj", "{33DC76DD-F0F3-354C-B7A9-BD3F2395B0FC}"
	ProjectSection(ProjectDependencies) = postProject
		{22176CB9-0B27-0F4B-8249-559238D93372} = {22176CB9-0B27-0F4B-8249-559238D93372}
		{37032515-9F3C-B74D-8179-FF74F402F17D} = {37032515-9F3C-B74D-8179-FF74F402F17D}
		{5E9AC8B9-9140-A94C-8BEE-BC9D86D7027F} = {5E9AC8B9-9140-A94C-8BEE-BC9D86D7027F}
		{9CC1D2EC-6CCB-8A41-AC81-19FD3296B52E} = {9CC1D2EC-6CCB-8A41-AC81-19FD3296B52E}
		{20FC7AF7-A8BD-6446-BF3C-367470950CC8} = {20FC7AF7-A8BD-6446-BF3C-367470950CC8}
		{2A3727D9-9A74-A042-9D05-F57047CE1891} = {2A3727D9-9A74-A042-9D05-F57047CE1891}
	EndProjectSection
EndProject
Project("{8BC9CEB8-8B4A-11D0-8D11-00A0C91BC942}") = "App_RigidBodyFromObjExampleGui", "App_RigidBodyFromObjExampleGui.vcxproj", "{6956DC06-40DB-3940-A1F0-5B6CD0F3F58F}"
	ProjectSection(ProjectDependencies) = postProject
		{22176CB9-0B27-0F4B-8249-559238D93372} = {22176CB9-0B27-0F4B-8249-559238D93372}
		{37032515-9F3C-B74D-8179-FF74F402F17D} = {37032515-9F3C-B74D-8179-FF74F402F17D}
		{9CC1D2EC-6CCB-8A41-AC81-19FD3296B52E} = {9CC1D2EC-6CCB-8A41-AC81-19FD3296B52E}
		{20FC7AF7-A8BD-6446-BF3C-367470950CC8} = {20FC7AF7-A8BD-6446-BF3C-367470950CC8}
		{2A3727D9-9A74-A042-9D05-F57047CE1891} = {2A3727D9-9A74-A042-9D05-F57047CE1891}
		{9AC5BF69-FCF7-5A42-8FB9-C1476F52A2B1} = {9AC5BF69-FCF7-5A42-8FB9-C1476F52A2B1}
		{5E9AC8B9-9140-A94C-8BEE-BC9D86D7027F} = {5E9AC8B9-9140-A94C-8BEE-BC9D86D7027F}
	EndProjectSection
EndProject
Project("{8BC9CEB8-8B4A-11D0-8D11-00A0C91BC942}") = "App_RigidBodyFromObjExampleGuiWithSoftwareRenderer", "App_RigidBodyFromObjExampleGuiWithSoftwareRenderer.vcxproj", "{45784A1D-0D69-1E48-962F-EC394B256CCA}"
	ProjectSection(ProjectDependencies) = postProject
		{22176CB9-0B27-0F4B-8249-559238D93372} = {22176CB9-0B27-0F4B-8249-559238D93372}
		{37032515-9F3C-B74D-8179-FF74F402F17D} = {37032515-9F3C-B74D-8179-FF74F402F17D}
		{9CC1D2EC-6CCB-8A41-AC81-19FD3296B52E} = {9CC1D2EC-6CCB-8A41-AC81-19FD3296B52E}
		{20FC7AF7-A8BD-6446-BF3C-367470950CC8} = {20FC7AF7-A8BD-6446-BF3C-367470950CC8}
		{2A3727D9-9A74-A042-9D05-F57047CE1891} = {2A3727D9-9A74-A042-9D05-F57047CE1891}
		{9AC5BF69-FCF7-5A42-8FB9-C1476F52A2B1} = {9AC5BF69-FCF7-5A42-8FB9-C1476F52A2B1}
		{5E9AC8B9-9140-A94C-8BEE-BC9D86D7027F} = {5E9AC8B9-9140-A94C-8BEE-BC9D86D7027F}
	EndProjectSection
EndProject
Project("{8BC9CEB8-8B4A-11D0-8D11-00A0C91BC942}") = "App_RigidBodyFromObjExampleTinyRenderer", "App_RigidBodyFromObjExampleTinyRenderer.vcxproj", "{A3CE62FF-DC16-DC47-B04E-C8EABA056CAB}"
	ProjectSection(ProjectDependencies) = postProject
		{22176CB9-0B27-0F4B-8249-559238D93372} = {22176CB9-0B27-0F4B-8249-559238D93372}
		{37032515-9F3C-B74D-8179-FF74F402F17D} = {37032515-9F3C-B74D-8179-FF74F402F17D}
		{9CC1D2EC-6CCB-8A41-AC81-19FD3296B52E} = {9CC1D2EC-6CCB-8A41-AC81-19FD3296B52E}
		{20FC7AF7-A8BD-6446-BF3C-367470950CC8} = {20FC7AF7-A8BD-6446-BF3C-367470950CC8}
		{2A3727D9-9A74-A042-9D05-F57047CE1891} = {2A3727D9-9A74-A042-9D05-F57047CE1891}
		{5E9AC8B9-9140-A94C-8BEE-BC9D86D7027F} = {5E9AC8B9-9140-A94C-8BEE-BC9D86D7027F}
	EndProjectSection
EndProject
Project("{8BC9CEB8-8B4A-11D0-8D11-00A0C91BC942}") = "App_SharedMemoryPhysics", "App_SharedMemoryPhysics.vcxproj", "{B90896F9-00A0-6344-B42F-945C1F85406B}"
	ProjectSection(ProjectDependencies) = postProject
		{5E9AC8B9-9140-A94C-8BEE-BC9D86D7027F} = {5E9AC8B9-9140-A94C-8BEE-BC9D86D7027F}
		{22176CB9-0B27-0F4B-8249-559238D93372} = {22176CB9-0B27-0F4B-8249-559238D93372}
		{37032515-9F3C-B74D-8179-FF74F402F17D} = {37032515-9F3C-B74D-8179-FF74F402F17D}
		{9CC1D2EC-6CCB-8A41-AC81-19FD3296B52E} = {9CC1D2EC-6CCB-8A41-AC81-19FD3296B52E}
		{20FC7AF7-A8BD-6446-BF3C-367470950CC8} = {20FC7AF7-A8BD-6446-BF3C-367470950CC8}
		{2A3727D9-9A74-A042-9D05-F57047CE1891} = {2A3727D9-9A74-A042-9D05-F57047CE1891}
	EndProjectSection
EndProject
Project("{8BC9CEB8-8B4A-11D0-8D11-00A0C91BC942}") = "App_SharedMemoryPhysics_GUI", "App_SharedMemoryPhysics_GUI.vcxproj", "{A8260A4D-A951-B84D-A37B-CEEB6C10BA20}"
	ProjectSection(ProjectDependencies) = postProject
		{22176CB9-0B27-0F4B-8249-559238D93372} = {22176CB9-0B27-0F4B-8249-559238D93372}
		{37032515-9F3C-B74D-8179-FF74F402F17D} = {37032515-9F3C-B74D-8179-FF74F402F17D}
		{9CC1D2EC-6CCB-8A41-AC81-19FD3296B52E} = {9CC1D2EC-6CCB-8A41-AC81-19FD3296B52E}
		{20FC7AF7-A8BD-6446-BF3C-367470950CC8} = {20FC7AF7-A8BD-6446-BF3C-367470950CC8}
		{2A3727D9-9A74-A042-9D05-F57047CE1891} = {2A3727D9-9A74-A042-9D05-F57047CE1891}
		{9AC5BF69-FCF7-5A42-8FB9-C1476F52A2B1} = {9AC5BF69-FCF7-5A42-8FB9-C1476F52A2B1}
		{5E9AC8B9-9140-A94C-8BEE-BC9D86D7027F} = {5E9AC8B9-9140-A94C-8BEE-BC9D86D7027F}
	EndProjectSection
EndProject
Project("{8BC9CEB8-8B4A-11D0-8D11-00A0C91BC942}") = "App_SharedMemoryPhysics_VR", "App_SharedMemoryPhysics_VR.vcxproj", "{1DD79D95-0364-B744-BB20-9C73268B5E79}"
	ProjectSection(ProjectDependencies) = postProject
		{22176CB9-0B27-0F4B-8249-559238D93372} = {22176CB9-0B27-0F4B-8249-559238D93372}
		{37032515-9F3C-B74D-8179-FF74F402F17D} = {37032515-9F3C-B74D-8179-FF74F402F17D}
		{5E9AC8B9-9140-A94C-8BEE-BC9D86D7027F} = {5E9AC8B9-9140-A94C-8BEE-BC9D86D7027F}
		{9CC1D2EC-6CCB-8A41-AC81-19FD3296B52E} = {9CC1D2EC-6CCB-8A41-AC81-19FD3296B52E}
		{20FC7AF7-A8BD-6446-BF3C-367470950CC8} = {20FC7AF7-A8BD-6446-BF3C-367470950CC8}
		{2A3727D9-9A74-A042-9D05-F57047CE1891} = {2A3727D9-9A74-A042-9D05-F57047CE1891}
		{9AC5BF69-FCF7-5A42-8FB9-C1476F52A2B1} = {9AC5BF69-FCF7-5A42-8FB9-C1476F52A2B1}
	EndProjectSection
EndProject
Project("{8BC9CEB8-8B4A-11D0-8D11-00A0C91BC942}") = "App_ThreadingTest", "App_ThreadingTest.vcxproj", "{7348C6C5-D2B7-454F-8F29-A61086D8FB1B}"
	ProjectSection(ProjectDependencies) = postProject
		{5E9AC8B9-9140-A94C-8BEE-BC9D86D7027F} = {5E9AC8B9-9140-A94C-8BEE-BC9D86D7027F}
	EndProjectSection
EndProject
Project("{8BC9CEB8-8B4A-11D0-8D11-00A0C91BC942}") = "Test_SharedMemoryPhysicsClient", "Test_SharedMemoryPhysicsClient.vcxproj", "{E6D34EF0-FCBC-1E46-9F3F-31EE52975E39}"
	ProjectSection(ProjectDependencies) = postProject
		{6783C57F-E169-F142-8C67-261EB3072FDD} = {6783C57F-E169-F142-8C67-261EB3072FDD}
		{5E9AC8B9-9140-A94C-8BEE-BC9D86D7027F} = {5E9AC8B9-9140-A94C-8BEE-BC9D86D7027F}
		{2A3727D9-9A74-A042-9D05-F57047CE1891} = {2A3727D9-9A74-A042-9D05-F57047CE1891}
	EndProjectSection
EndProject
Project("{8BC9CEB8-8B4A-11D0-8D11-00A0C91BC942}") = "Test_PhysicsServerLoopBack", "Test_PhysicsServerLoopBack.vcxproj", "{4D645CE3-D770-E34B-964B-9D9A025E7342}"
	ProjectSection(ProjectDependencies) = postProject
		{22176CB9-0B27-0F4B-8249-559238D93372} = {22176CB9-0B27-0F4B-8249-559238D93372}
		{37032515-9F3C-B74D-8179-FF74F402F17D} = {37032515-9F3C-B74D-8179-FF74F402F17D}
		{6783C57F-E169-F142-8C67-261EB3072FDD} = {6783C57F-E169-F142-8C67-261EB3072FDD}
		{DEFD6B0D-554E-0448-A537-2FF078E53EA0} = {DEFD6B0D-554E-0448-A537-2FF078E53EA0}
		{5E9AC8B9-9140-A94C-8BEE-BC9D86D7027F} = {5E9AC8B9-9140-A94C-8BEE-BC9D86D7027F}
		{9CC1D2EC-6CCB-8A41-AC81-19FD3296B52E} = {9CC1D2EC-6CCB-8A41-AC81-19FD3296B52E}
		{20FC7AF7-A8BD-6446-BF3C-367470950CC8} = {20FC7AF7-A8BD-6446-BF3C-367470950CC8}
		{2A3727D9-9A74-A042-9D05-F57047CE1891} = {2A3727D9-9A74-A042-9D05-F57047CE1891}
	EndProjectSection
EndProject
Project("{8BC9CEB8-8B4A-11D0-8D11-00A0C91BC942}") = "Test_PhysicsServerDirect", "Test_PhysicsServerDirect.vcxproj", "{BD3A3F6A-3DD0-6444-AE27-9CC2AA3CA2F1}"
	ProjectSection(ProjectDependencies) = postProject
		{22176CB9-0B27-0F4B-8249-559238D93372} = {22176CB9-0B27-0F4B-8249-559238D93372}
		{37032515-9F3C-B74D-8179-FF74F402F17D} = {37032515-9F3C-B74D-8179-FF74F402F17D}
		{6783C57F-E169-F142-8C67-261EB3072FDD} = {6783C57F-E169-F142-8C67-261EB3072FDD}
		{DEFD6B0D-554E-0448-A537-2FF078E53EA0} = {DEFD6B0D-554E-0448-A537-2FF078E53EA0}
		{5E9AC8B9-9140-A94C-8BEE-BC9D86D7027F} = {5E9AC8B9-9140-A94C-8BEE-BC9D86D7027F}
		{9CC1D2EC-6CCB-8A41-AC81-19FD3296B52E} = {9CC1D2EC-6CCB-8A41-AC81-19FD3296B52E}
		{20FC7AF7-A8BD-6446-BF3C-367470950CC8} = {20FC7AF7-A8BD-6446-BF3C-367470950CC8}
		{2A3727D9-9A74-A042-9D05-F57047CE1891} = {2A3727D9-9A74-A042-9D05-F57047CE1891}
	EndProjectSection
EndProject
Project("{8BC9CEB8-8B4A-11D0-8D11-00A0C91BC942}") = "Test_PhysicsServerInProcessExampleBrowser", "Test_PhysicsServerInProcessExampleBrowser.vcxproj", "{7EF9927D-FC2E-EA4D-8186-2CB977CC62DE}"
	ProjectSection(ProjectDependencies) = postProject
		{ABC54DB2-233F-C44D-B5DD-8CF59265BACA} = {ABC54DB2-233F-C44D-B5DD-8CF59265BACA}
		{78F84817-A50D-CC45-8BAB-BCE2DD0A06B8} = {78F84817-A50D-CC45-8BAB-BCE2DD0A06B8}
		{9AC5BF69-FCF7-5A42-8FB9-C1476F52A2B1} = {9AC5BF69-FCF7-5A42-8FB9-C1476F52A2B1}
		{6783C57F-E169-F142-8C67-261EB3072FDD} = {6783C57F-E169-F142-8C67-261EB3072FDD}
		{DEFD6B0D-554E-0448-A537-2FF078E53EA0} = {DEFD6B0D-554E-0448-A537-2FF078E53EA0}
		{9987E520-6B84-9D47-9B8F-DBF2655C917A} = {9987E520-6B84-9D47-9B8F-DBF2655C917A}
		{22176CB9-0B27-0F4B-8249-559238D93372} = {22176CB9-0B27-0F4B-8249-559238D93372}
		{37032515-9F3C-B74D-8179-FF74F402F17D} = {37032515-9F3C-B74D-8179-FF74F402F17D}
		{9CC1D2EC-6CCB-8A41-AC81-19FD3296B52E} = {9CC1D2EC-6CCB-8A41-AC81-19FD3296B52E}
		{20FC7AF7-A8BD-6446-BF3C-367470950CC8} = {20FC7AF7-A8BD-6446-BF3C-367470950CC8}
		{2A3727D9-9A74-A042-9D05-F57047CE1891} = {2A3727D9-9A74-A042-9D05-F57047CE1891}
		{5E9AC8B9-9140-A94C-8BEE-BC9D86D7027F} = {5E9AC8B9-9140-A94C-8BEE-BC9D86D7027F}
		{859F7E3F-E6F1-6948-A1A7-4106DE329AF1} = {859F7E3F-E6F1-6948-A1A7-4106DE329AF1}
		{4ACE1187-D08D-B14F-B260-12D5259FB1A4} = {4ACE1187-D08D-B14F-B260-12D5259FB1A4}
		{B46D1595-5AD1-F84D-A96F-13074B0A1E52} = {B46D1595-5AD1-F84D-A96F-13074B0A1E52}
		{B3E70E24-CA64-314F-9D18-09D5A87B1D4B} = {B3E70E24-CA64-314F-9D18-09D5A87B1D4B}
	EndProjectSection
EndProject
Project("{8BC9CEB8-8B4A-11D0-8D11-00A0C91BC942}") = "Bullet3Common", "Bullet3Common.vcxproj", "{5E9AC8B9-9140-A94C-8BEE-BC9D86D7027F}"
EndProject
Project("{8BC9CEB8-8B4A-11D0-8D11-00A0C91BC942}") = "Bullet3Geometry", "Bullet3Geometry.vcxproj", "{B3E70E24-CA64-314F-9D18-09D5A87B1D4B}"
EndProject
Project("{8BC9CEB8-8B4A-11D0-8D11-00A0C91BC942}") = "Bullet3Collision", "Bullet3Collision.vcxproj", "{B46D1595-5AD1-F84D-A96F-13074B0A1E52}"
EndProject
Project("{8BC9CEB8-8B4A-11D0-8D11-00A0C91BC942}") = "Bullet3Dynamics", "Bullet3Dynamics.vcxproj", "{4ACE1187-D08D-B14F-B260-12D5259FB1A4}"
EndProject
Project("{8BC9CEB8-8B4A-11D0-8D11-00A0C91BC942}") = "Bullet3OpenCL_clew", "Bullet3OpenCL_clew.vcxproj", "{859F7E3F-E6F1-6948-A1A7-4106DE329AF1}"
EndProject
Project("{8BC9CEB8-8B4A-11D0-8D11-00A0C91BC942}") = "Bullet2FileLoader", "Bullet2FileLoader.vcxproj", "{6FE47C71-6989-5E49-9E85-A0EBEB6DD9EC}"
EndProject
Project("{8BC9CEB8-8B4A-11D0-8D11-00A0C91BC942}") = "HACD", "HACD.vcxproj", "{3A6D48A6-44ED-BC42-997A-2F109E6855BA}"
EndProject
Project("{8BC9CEB8-8B4A-11D0-8D11-00A0C91BC942}") = "ConvexDecomposition", "ConvexDecomposition.vcxproj", "{25813F96-6E60-3D4F-9352-DA571806AAEF}"
EndProject
Project("{8BC9CEB8-8B4A-11D0-8D11-00A0C91BC942}") = "BulletInverseDynamicsUtils", "BulletInverseDynamicsUtils.vcxproj", "{22176CB9-0B27-0F4B-8249-559238D93372}"
EndProject
Project("{8BC9CEB8-8B4A-11D0-8D11-00A0C91BC942}") = "BulletFileLoader", "BulletFileLoader.vcxproj", "{6783C57F-E169-F142-8C67-261EB3072FDD}"
EndProject
Project("{8BC9CEB8-8B4A-11D0-8D11-00A0C91BC942}") = "BulletWorldImporter", "BulletWorldImporter.vcxproj", "{DEFD6B0D-554E-0448-A537-2FF078E53EA0}"
EndProject
Project("{8BC9CEB8-8B4A-11D0-8D11-00A0C91BC942}") = "BulletXmlWorldImporter", "BulletXmlWorldImporter.vcxproj", "{3CB162B8-C57D-9144-BA7A-4AB3E918D8EA}"
EndProject
Project("{8BC9CEB8-8B4A-11D0-8D11-00A0C91BC942}") = "Test_LinearMath", "Test_LinearMath.vcxproj", "{129C899E-393A-F343-82F7-A3AA988136D2}"
	ProjectSection(ProjectDependencies) = postProject
		{9CC1D2EC-6CCB-8A41-AC81-19FD3296B52E} = {9CC1D2EC-6CCB-8A41-AC81-19FD3296B52E}
		{20FC7AF7-A8BD-6446-BF3C-367470950CC8} = {20FC7AF7-A8BD-6446-BF3C-367470950CC8}
		{2A3727D9-9A74-A042-9D05-F57047CE1891} = {2A3727D9-9A74-A042-9D05-F57047CE1891}
	EndProjectSection
EndProject
Project("{8BC9CEB8-8B4A-11D0-8D11-00A0C91BC942}") = "gtest", "gtest.vcxproj", "{8B2D132B-919F-6641-AC59-B4FD8AAE4787}"
EndProject
Project("{8BC9CEB8-8B4A-11D0-8D11-00A0C91BC942}") = "Test_BulletCollision", "Test_BulletCollision.vcxproj", "{2C124003-E4BB-7648-95DB-8D72DF19CA93}"
	ProjectSection(ProjectDependencies) = postProject
		{2A3727D9-9A74-A042-9D05-F57047CE1891} = {2A3727D9-9A74-A042-9D05-F57047CE1891}
		{8B2D132B-919F-6641-AC59-B4FD8AAE4787} = {8B2D132B-919F-6641-AC59-B4FD8AAE4787}
	EndProjectSection
EndProject
Project("{8BC9CEB8-8B4A-11D0-8D11-00A0C91BC942}") = "Test_BulletDynamics", "Test_BulletDynamics.vcxproj", "{5367A4DA-9BC8-A74D-93AE-2F0C85F06221}"
	ProjectSection(ProjectDependencies) = postProject
		{9CC1D2EC-6CCB-8A41-AC81-19FD3296B52E} = {9CC1D2EC-6CCB-8A41-AC81-19FD3296B52E}
		{20FC7AF7-A8BD-6446-BF3C-367470950CC8} = {20FC7AF7-A8BD-6446-BF3C-367470950CC8}
		{2A3727D9-9A74-A042-9D05-F57047CE1891} = {2A3727D9-9A74-A042-9D05-F57047CE1891}
		{8B2D132B-919F-6641-AC59-B4FD8AAE4787} = {8B2D132B-919F-6641-AC59-B4FD8AAE4787}
	EndProjectSection
EndProject
Project("{8BC9CEB8-8B4A-11D0-8D11-00A0C91BC942}") = "Test_InverseDynamicsKinematics", "Test_InverseDynamicsKinematics.vcxproj", "{13BC8F78-C245-1642-8BDD-88F335133C76}"
	ProjectSection(ProjectDependencies) = postProject
		{22176CB9-0B27-0F4B-8249-559238D93372} = {22176CB9-0B27-0F4B-8249-559238D93372}
		{37032515-9F3C-B74D-8179-FF74F402F17D} = {37032515-9F3C-B74D-8179-FF74F402F17D}
		{5E9AC8B9-9140-A94C-8BEE-BC9D86D7027F} = {5E9AC8B9-9140-A94C-8BEE-BC9D86D7027F}
		{2A3727D9-9A74-A042-9D05-F57047CE1891} = {2A3727D9-9A74-A042-9D05-F57047CE1891}
		{8B2D132B-919F-6641-AC59-B4FD8AAE4787} = {8B2D132B-919F-6641-AC59-B4FD8AAE4787}
	EndProjectSection
EndProject
Project("{8BC9CEB8-8B4A-11D0-8D11-00A0C91BC942}") = "Test_InverseDynamicsJacobian", "Test_InverseDynamicsJacobian.vcxproj", "{6E6F7E3A-5D7C-DC49-987A-87D5FD8018A2}"
	ProjectSection(ProjectDependencies) = postProject
		{22176CB9-0B27-0F4B-8249-559238D93372} = {22176CB9-0B27-0F4B-8249-559238D93372}
		{37032515-9F3C-B74D-8179-FF74F402F17D} = {37032515-9F3C-B74D-8179-FF74F402F17D}
		{5E9AC8B9-9140-A94C-8BEE-BC9D86D7027F} = {5E9AC8B9-9140-A94C-8BEE-BC9D86D7027F}
		{2A3727D9-9A74-A042-9D05-F57047CE1891} = {2A3727D9-9A74-A042-9D05-F57047CE1891}
		{8B2D132B-919F-6641-AC59-B4FD8AAE4787} = {8B2D132B-919F-6641-AC59-B4FD8AAE4787}
	EndProjectSection
EndProject
Project("{8BC9CEB8-8B4A-11D0-8D11-00A0C91BC942}") = "Test_InverseForwardDynamics", "Test_InverseForwardDynamics.vcxproj", "{067A6CB8-EB3C-C641-85AC-FCAD34F5A70A}"
	ProjectSection(ProjectDependencies) = postProject
		{9CC1D2EC-6CCB-8A41-AC81-19FD3296B52E} = {9CC1D2EC-6CCB-8A41-AC81-19FD3296B52E}
		{20FC7AF7-A8BD-6446-BF3C-367470950CC8} = {20FC7AF7-A8BD-6446-BF3C-367470950CC8}
		{22176CB9-0B27-0F4B-8249-559238D93372} = {22176CB9-0B27-0F4B-8249-559238D93372}
		{37032515-9F3C-B74D-8179-FF74F402F17D} = {37032515-9F3C-B74D-8179-FF74F402F17D}
		{5E9AC8B9-9140-A94C-8BEE-BC9D86D7027F} = {5E9AC8B9-9140-A94C-8BEE-BC9D86D7027F}
		{2A3727D9-9A74-A042-9D05-F57047CE1891} = {2A3727D9-9A74-A042-9D05-F57047CE1891}
		{8B2D132B-919F-6641-AC59-B4FD8AAE4787} = {8B2D132B-919F-6641-AC59-B4FD8AAE4787}
	EndProjectSection
EndProject
Project("{8BC9CEB8-8B4A-11D0-8D11-00A0C91BC942}") = "Test_OpenCL_Bullet3", "Test_OpenCL_Bullet3.vcxproj", "{9161908E-AEFA-C74F-B959-ED3A4E62C5E7}"
	ProjectSection(ProjectDependencies) = postProject
		{8B2D132B-919F-6641-AC59-B4FD8AAE4787} = {8B2D132B-919F-6641-AC59-B4FD8AAE4787}
		{859F7E3F-E6F1-6948-A1A7-4106DE329AF1} = {859F7E3F-E6F1-6948-A1A7-4106DE329AF1}
		{5E9AC8B9-9140-A94C-8BEE-BC9D86D7027F} = {5E9AC8B9-9140-A94C-8BEE-BC9D86D7027F}
	EndProjectSection
EndProject
Project("{8BC9CEB8-8B4A-11D0-8D11-00A0C91BC942}") = "Test_Gwen_OpenGL", "Test_Gwen_OpenGL.vcxproj", "{F44B6455-B560-564B-B6A0-71C54948C696}"
	ProjectSection(ProjectDependencies) = postProject
		{78F84817-A50D-CC45-8BAB-BCE2DD0A06B8} = {78F84817-A50D-CC45-8BAB-BCE2DD0A06B8}
	EndProjectSection
EndProject
Project("{8BC9CEB8-8B4A-11D0-8D11-00A0C91BC942}") = "BulletInverseDynamics", "BulletInverseDynamics.vcxproj", "{37032515-9F3C-B74D-8179-FF74F402F17D}"
EndProject
Project("{8BC9CEB8-8B4A-11D0-8D11-00A0C91BC942}") = "BulletSoftBody", "BulletSoftBody.vcxproj", "{9987E520-6B84-9D47-9B8F-DBF2655C917A}"
EndProject
Project("{8BC9CEB8-8B4A-11D0-8D11-00A0C91BC942}") = "BulletDynamics", "BulletDynamics.vcxproj", "{9CC1D2EC-6CCB-8A41-AC81-19FD3296B52E}"
EndProject
Project("{8BC9CEB8-8B4A-11D0-8D11-00A0C91BC942}") = "BulletCollision", "BulletCollision.vcxproj", "{20FC7AF7-A8BD-6446-BF3C-367470950CC8}"
EndProject
Project("{8BC9CEB8-8B4A-11D0-8D11-00A0C91BC942}") = "LinearMath", "LinearMath.vcxproj", "{2A3727D9-9A74-A042-9D05-F57047CE1891}"
EndProject
Global
	GlobalSection(SolutionConfigurationPlatforms) = preSolution
		Debug|Win32 = Debug|Win32
		Debug|x64 = Debug|x64
		Release|Win32 = Release|Win32
		Release|x64 = Release|x64
	EndGlobalSection
	GlobalSection(ProjectConfigurationPlatforms) = postSolution
		{9233A00B-2F55-794A-BE75-7AF7306F3697}.Debug|Win32.ActiveCfg = Debug|Win32
		{9233A00B-2F55-794A-BE75-7AF7306F3697}.Debug|Win32.Build.0 = Debug|Win32
		{9233A00B-2F55-794A-BE75-7AF7306F3697}.Debug|x64.ActiveCfg = Debug|x64
		{9233A00B-2F55-794A-BE75-7AF7306F3697}.Debug|x64.Build.0 = Debug|x64
		{9233A00B-2F55-794A-BE75-7AF7306F3697}.Release|Win32.ActiveCfg = Release|Win32
		{9233A00B-2F55-794A-BE75-7AF7306F3697}.Release|Win32.Build.0 = Release|Win32
		{9233A00B-2F55-794A-BE75-7AF7306F3697}.Release|x64.ActiveCfg = Release|x64
		{9233A00B-2F55-794A-BE75-7AF7306F3697}.Release|x64.Build.0 = Release|x64
		{ABC54DB2-233F-C44D-B5DD-8CF59265BACA}.Debug|Win32.ActiveCfg = Debug|Win32
		{ABC54DB2-233F-C44D-B5DD-8CF59265BACA}.Debug|Win32.Build.0 = Debug|Win32
		{ABC54DB2-233F-C44D-B5DD-8CF59265BACA}.Debug|x64.ActiveCfg = Debug|x64
		{ABC54DB2-233F-C44D-B5DD-8CF59265BACA}.Debug|x64.Build.0 = Debug|x64
		{ABC54DB2-233F-C44D-B5DD-8CF59265BACA}.Release|Win32.ActiveCfg = Release|Win32
		{ABC54DB2-233F-C44D-B5DD-8CF59265BACA}.Release|Win32.Build.0 = Release|Win32
		{ABC54DB2-233F-C44D-B5DD-8CF59265BACA}.Release|x64.ActiveCfg = Release|x64
		{ABC54DB2-233F-C44D-B5DD-8CF59265BACA}.Release|x64.Build.0 = Release|x64
		{9AC5BF69-FCF7-5A42-8FB9-C1476F52A2B1}.Debug|Win32.ActiveCfg = Debug|Win32
		{9AC5BF69-FCF7-5A42-8FB9-C1476F52A2B1}.Debug|Win32.Build.0 = Debug|Win32
		{9AC5BF69-FCF7-5A42-8FB9-C1476F52A2B1}.Debug|x64.ActiveCfg = Debug|x64
		{9AC5BF69-FCF7-5A42-8FB9-C1476F52A2B1}.Debug|x64.Build.0 = Debug|x64
		{9AC5BF69-FCF7-5A42-8FB9-C1476F52A2B1}.Release|Win32.ActiveCfg = Release|Win32
		{9AC5BF69-FCF7-5A42-8FB9-C1476F52A2B1}.Release|Win32.Build.0 = Release|Win32
		{9AC5BF69-FCF7-5A42-8FB9-C1476F52A2B1}.Release|x64.ActiveCfg = Release|x64
		{9AC5BF69-FCF7-5A42-8FB9-C1476F52A2B1}.Release|x64.Build.0 = Release|x64
		{78F84817-A50D-CC45-8BAB-BCE2DD0A06B8}.Debug|Win32.ActiveCfg = Debug|Win32
		{78F84817-A50D-CC45-8BAB-BCE2DD0A06B8}.Debug|Win32.Build.0 = Debug|Win32
		{78F84817-A50D-CC45-8BAB-BCE2DD0A06B8}.Debug|x64.ActiveCfg = Debug|x64
		{78F84817-A50D-CC45-8BAB-BCE2DD0A06B8}.Debug|x64.Build.0 = Debug|x64
		{78F84817-A50D-CC45-8BAB-BCE2DD0A06B8}.Release|Win32.ActiveCfg = Release|Win32
		{78F84817-A50D-CC45-8BAB-BCE2DD0A06B8}.Release|Win32.Build.0 = Release|Win32
		{78F84817-A50D-CC45-8BAB-BCE2DD0A06B8}.Release|x64.ActiveCfg = Release|x64
		{78F84817-A50D-CC45-8BAB-BCE2DD0A06B8}.Release|x64.Build.0 = Release|x64
		{AA940BD9-5DF3-7D45-9452-070D82FD1406}.Debug|Win32.ActiveCfg = Debug|Win32
		{AA940BD9-5DF3-7D45-9452-070D82FD1406}.Debug|Win32.Build.0 = Debug|Win32
		{AA940BD9-5DF3-7D45-9452-070D82FD1406}.Debug|x64.ActiveCfg = Debug|x64
		{AA940BD9-5DF3-7D45-9452-070D82FD1406}.Debug|x64.Build.0 = Debug|x64
		{AA940BD9-5DF3-7D45-9452-070D82FD1406}.Release|Win32.ActiveCfg = Release|Win32
		{AA940BD9-5DF3-7D45-9452-070D82FD1406}.Release|Win32.Build.0 = Release|Win32
		{AA940BD9-5DF3-7D45-9452-070D82FD1406}.Release|x64.ActiveCfg = Release|x64
		{AA940BD9-5DF3-7D45-9452-070D82FD1406}.Release|x64.Build.0 = Release|x64
		{05F6DE90-F2A2-C04C-9CCA-A58AA5D951A8}.Debug|Win32.ActiveCfg = Debug|Win32
		{05F6DE90-F2A2-C04C-9CCA-A58AA5D951A8}.Debug|Win32.Build.0 = Debug|Win32
		{05F6DE90-F2A2-C04C-9CCA-A58AA5D951A8}.Debug|x64.ActiveCfg = Debug|x64
		{05F6DE90-F2A2-C04C-9CCA-A58AA5D951A8}.Debug|x64.Build.0 = Debug|x64
		{05F6DE90-F2A2-C04C-9CCA-A58AA5D951A8}.Release|Win32.ActiveCfg = Release|Win32
		{05F6DE90-F2A2-C04C-9CCA-A58AA5D951A8}.Release|Win32.Build.0 = Release|Win32
		{05F6DE90-F2A2-C04C-9CCA-A58AA5D951A8}.Release|x64.ActiveCfg = Release|x64
		{05F6DE90-F2A2-C04C-9CCA-A58AA5D951A8}.Release|x64.Build.0 = Release|x64
		{524374DE-874B-EA48-A25D-1F78F6A3AB5C}.Debug|Win32.ActiveCfg = Debug|Win32
		{524374DE-874B-EA48-A25D-1F78F6A3AB5C}.Debug|Win32.Build.0 = Debug|Win32
		{524374DE-874B-EA48-A25D-1F78F6A3AB5C}.Debug|x64.ActiveCfg = Debug|x64
		{524374DE-874B-EA48-A25D-1F78F6A3AB5C}.Debug|x64.Build.0 = Debug|x64
		{524374DE-874B-EA48-A25D-1F78F6A3AB5C}.Release|Win32.ActiveCfg = Release|Win32
		{524374DE-874B-EA48-A25D-1F78F6A3AB5C}.Release|Win32.Build.0 = Release|Win32
		{524374DE-874B-EA48-A25D-1F78F6A3AB5C}.Release|x64.ActiveCfg = Release|x64
		{524374DE-874B-EA48-A25D-1F78F6A3AB5C}.Release|x64.Build.0 = Release|x64
		{6793E7EC-13A1-4D4C-B8BE-E6C0D5450453}.Debug|Win32.ActiveCfg = Debug|Win32
		{6793E7EC-13A1-4D4C-B8BE-E6C0D5450453}.Debug|Win32.Build.0 = Debug|Win32
		{6793E7EC-13A1-4D4C-B8BE-E6C0D5450453}.Debug|x64.ActiveCfg = Debug|x64
		{6793E7EC-13A1-4D4C-B8BE-E6C0D5450453}.Debug|x64.Build.0 = Debug|x64
		{6793E7EC-13A1-4D4C-B8BE-E6C0D5450453}.Release|Win32.ActiveCfg = Release|Win32
		{6793E7EC-13A1-4D4C-B8BE-E6C0D5450453}.Release|Win32.Build.0 = Release|Win32
		{6793E7EC-13A1-4D4C-B8BE-E6C0D5450453}.Release|x64.ActiveCfg = Release|x64
		{6793E7EC-13A1-4D4C-B8BE-E6C0D5450453}.Release|x64.Build.0 = Release|x64
		{51513FB4-49B8-A143-B8E0-AF13E5F393C5}.Debug|Win32.ActiveCfg = Debug|Win32
		{51513FB4-49B8-A143-B8E0-AF13E5F393C5}.Debug|Win32.Build.0 = Debug|Win32
		{51513FB4-49B8-A143-B8E0-AF13E5F393C5}.Debug|x64.ActiveCfg = Debug|x64
		{51513FB4-49B8-A143-B8E0-AF13E5F393C5}.Debug|x64.Build.0 = Debug|x64
		{51513FB4-49B8-A143-B8E0-AF13E5F393C5}.Release|Win32.ActiveCfg = Release|Win32
		{51513FB4-49B8-A143-B8E0-AF13E5F393C5}.Release|Win32.Build.0 = Release|Win32
		{51513FB4-49B8-A143-B8E0-AF13E5F393C5}.Release|x64.ActiveCfg = Release|x64
		{51513FB4-49B8-A143-B8E0-AF13E5F393C5}.Release|x64.Build.0 = Release|x64
		{991991E3-8526-E645-8191-C5F380524BF7}.Debug|Win32.ActiveCfg = Debug|Win32
		{991991E3-8526-E645-8191-C5F380524BF7}.Debug|Win32.Build.0 = Debug|Win32
		{991991E3-8526-E645-8191-C5F380524BF7}.Debug|x64.ActiveCfg = Debug|x64
		{991991E3-8526-E645-8191-C5F380524BF7}.Debug|x64.Build.0 = Debug|x64
		{991991E3-8526-E645-8191-C5F380524BF7}.Release|Win32.ActiveCfg = Release|Win32
		{991991E3-8526-E645-8191-C5F380524BF7}.Release|Win32.Build.0 = Release|Win32
		{991991E3-8526-E645-8191-C5F380524BF7}.Release|x64.ActiveCfg = Release|x64
		{991991E3-8526-E645-8191-C5F380524BF7}.Release|x64.Build.0 = Release|x64
		{881D5D25-2658-6F46-A11D-1C0CEF3BF7DA}.Debug|Win32.ActiveCfg = Debug|Win32
		{881D5D25-2658-6F46-A11D-1C0CEF3BF7DA}.Debug|Win32.Build.0 = Debug|Win32
		{881D5D25-2658-6F46-A11D-1C0CEF3BF7DA}.Debug|x64.ActiveCfg = Debug|x64
		{881D5D25-2658-6F46-A11D-1C0CEF3BF7DA}.Debug|x64.Build.0 = Debug|x64
		{881D5D25-2658-6F46-A11D-1C0CEF3BF7DA}.Release|Win32.ActiveCfg = Release|Win32
		{881D5D25-2658-6F46-A11D-1C0CEF3BF7DA}.Release|Win32.Build.0 = Release|Win32
		{881D5D25-2658-6F46-A11D-1C0CEF3BF7DA}.Release|x64.ActiveCfg = Release|x64
		{881D5D25-2658-6F46-A11D-1C0CEF3BF7DA}.Release|x64.Build.0 = Release|x64
		{51D5F615-0C70-9942-BE41-8BF612846281}.Debug|Win32.ActiveCfg = Debug|Win32
		{51D5F615-0C70-9942-BE41-8BF612846281}.Debug|x64.ActiveCfg = Debug|x64
		{51D5F615-0C70-9942-BE41-8BF612846281}.Release|Win32.ActiveCfg = Release|Win32
		{51D5F615-0C70-9942-BE41-8BF612846281}.Release|x64.ActiveCfg = Release|x64
		{2DB853C2-AF29-A34D-89E5-BF7CD089AD06}.Debug|Win32.ActiveCfg = Debug|Win32
		{2DB853C2-AF29-A34D-89E5-BF7CD089AD06}.Debug|Win32.Build.0 = Debug|Win32
		{2DB853C2-AF29-A34D-89E5-BF7CD089AD06}.Debug|x64.ActiveCfg = Debug|x64
		{2DB853C2-AF29-A34D-89E5-BF7CD089AD06}.Debug|x64.Build.0 = Debug|x64
		{2DB853C2-AF29-A34D-89E5-BF7CD089AD06}.Release|Win32.ActiveCfg = Release|Win32
		{2DB853C2-AF29-A34D-89E5-BF7CD089AD06}.Release|Win32.Build.0 = Release|Win32
		{2DB853C2-AF29-A34D-89E5-BF7CD089AD06}.Release|x64.ActiveCfg = Release|x64
		{2DB853C2-AF29-A34D-89E5-BF7CD089AD06}.Release|x64.Build.0 = Release|x64
		{61AA13D3-942E-C64D-BC3D-428E089B0384}.Debug|Win32.ActiveCfg = Debug|Win32
		{61AA13D3-942E-C64D-BC3D-428E089B0384}.Debug|Win32.Build.0 = Debug|Win32
		{61AA13D3-942E-C64D-BC3D-428E089B0384}.Debug|x64.ActiveCfg = Debug|x64
		{61AA13D3-942E-C64D-BC3D-428E089B0384}.Debug|x64.Build.0 = Debug|x64
		{61AA13D3-942E-C64D-BC3D-428E089B0384}.Release|Win32.ActiveCfg = Release|Win32
		{61AA13D3-942E-C64D-BC3D-428E089B0384}.Release|Win32.Build.0 = Release|Win32
		{61AA13D3-942E-C64D-BC3D-428E089B0384}.Release|x64.ActiveCfg = Release|x64
		{61AA13D3-942E-C64D-BC3D-428E089B0384}.Release|x64.Build.0 = Release|x64
		{E618066B-6324-A44F-8336-AD27BE994C4D}.Debug|Win32.ActiveCfg = Debug|Win32
		{E618066B-6324-A44F-8336-AD27BE994C4D}.Debug|Win32.Build.0 = Debug|Win32
		{E618066B-6324-A44F-8336-AD27BE994C4D}.Debug|x64.ActiveCfg = Debug|x64
		{E618066B-6324-A44F-8336-AD27BE994C4D}.Debug|x64.Build.0 = Debug|x64
		{E618066B-6324-A44F-8336-AD27BE994C4D}.Release|Win32.ActiveCfg = Release|Win32
		{E618066B-6324-A44F-8336-AD27BE994C4D}.Release|Win32.Build.0 = Release|Win32
		{E618066B-6324-A44F-8336-AD27BE994C4D}.Release|x64.ActiveCfg = Release|x64
		{E618066B-6324-A44F-8336-AD27BE994C4D}.Release|x64.Build.0 = Release|x64
		{2D105A9B-1F0B-9344-BAB9-FE36D5C46E37}.Debug|Win32.ActiveCfg = Debug|Win32
		{2D105A9B-1F0B-9344-BAB9-FE36D5C46E37}.Debug|Win32.Build.0 = Debug|Win32
		{2D105A9B-1F0B-9344-BAB9-FE36D5C46E37}.Debug|x64.ActiveCfg = Debug|x64
		{2D105A9B-1F0B-9344-BAB9-FE36D5C46E37}.Debug|x64.Build.0 = Debug|x64
		{2D105A9B-1F0B-9344-BAB9-FE36D5C46E37}.Release|Win32.ActiveCfg = Release|Win32
		{2D105A9B-1F0B-9344-BAB9-FE36D5C46E37}.Release|Win32.Build.0 = Release|Win32
		{2D105A9B-1F0B-9344-BAB9-FE36D5C46E37}.Release|x64.ActiveCfg = Release|x64
		{2D105A9B-1F0B-9344-BAB9-FE36D5C46E37}.Release|x64.Build.0 = Release|x64
		{33DC76DD-F0F3-354C-B7A9-BD3F2395B0FC}.Debug|Win32.ActiveCfg = Debug|Win32
		{33DC76DD-F0F3-354C-B7A9-BD3F2395B0FC}.Debug|Win32.Build.0 = Debug|Win32
		{33DC76DD-F0F3-354C-B7A9-BD3F2395B0FC}.Debug|x64.ActiveCfg = Debug|x64
		{33DC76DD-F0F3-354C-B7A9-BD3F2395B0FC}.Debug|x64.Build.0 = Debug|x64
		{33DC76DD-F0F3-354C-B7A9-BD3F2395B0FC}.Release|Win32.ActiveCfg = Release|Win32
		{33DC76DD-F0F3-354C-B7A9-BD3F2395B0FC}.Release|Win32.Build.0 = Release|Win32
		{33DC76DD-F0F3-354C-B7A9-BD3F2395B0FC}.Release|x64.ActiveCfg = Release|x64
		{33DC76DD-F0F3-354C-B7A9-BD3F2395B0FC}.Release|x64.Build.0 = Release|x64
		{6956DC06-40DB-3940-A1F0-5B6CD0F3F58F}.Debug|Win32.ActiveCfg = Debug|Win32
		{6956DC06-40DB-3940-A1F0-5B6CD0F3F58F}.Debug|Win32.Build.0 = Debug|Win32
		{6956DC06-40DB-3940-A1F0-5B6CD0F3F58F}.Debug|x64.ActiveCfg = Debug|x64
		{6956DC06-40DB-3940-A1F0-5B6CD0F3F58F}.Debug|x64.Build.0 = Debug|x64
		{6956DC06-40DB-3940-A1F0-5B6CD0F3F58F}.Release|Win32.ActiveCfg = Release|Win32
		{6956DC06-40DB-3940-A1F0-5B6CD0F3F58F}.Release|Win32.Build.0 = Release|Win32
		{6956DC06-40DB-3940-A1F0-5B6CD0F3F58F}.Release|x64.ActiveCfg = Release|x64
		{6956DC06-40DB-3940-A1F0-5B6CD0F3F58F}.Release|x64.Build.0 = Release|x64
		{45784A1D-0D69-1E48-962F-EC394B256CCA}.Debug|Win32.ActiveCfg = Debug|Win32
		{45784A1D-0D69-1E48-962F-EC394B256CCA}.Debug|Win32.Build.0 = Debug|Win32
		{45784A1D-0D69-1E48-962F-EC394B256CCA}.Debug|x64.ActiveCfg = Debug|x64
		{45784A1D-0D69-1E48-962F-EC394B256CCA}.Debug|x64.Build.0 = Debug|x64
		{45784A1D-0D69-1E48-962F-EC394B256CCA}.Release|Win32.ActiveCfg = Release|Win32
		{45784A1D-0D69-1E48-962F-EC394B256CCA}.Release|Win32.Build.0 = Release|Win32
		{45784A1D-0D69-1E48-962F-EC394B256CCA}.Release|x64.ActiveCfg = Release|x64
		{45784A1D-0D69-1E48-962F-EC394B256CCA}.Release|x64.Build.0 = Release|x64
		{A3CE62FF-DC16-DC47-B04E-C8EABA056CAB}.Debug|Win32.ActiveCfg = Debug|Win32
		{A3CE62FF-DC16-DC47-B04E-C8EABA056CAB}.Debug|Win32.Build.0 = Debug|Win32
		{A3CE62FF-DC16-DC47-B04E-C8EABA056CAB}.Debug|x64.ActiveCfg = Debug|x64
		{A3CE62FF-DC16-DC47-B04E-C8EABA056CAB}.Debug|x64.Build.0 = Debug|x64
		{A3CE62FF-DC16-DC47-B04E-C8EABA056CAB}.Release|Win32.ActiveCfg = Release|Win32
		{A3CE62FF-DC16-DC47-B04E-C8EABA056CAB}.Release|Win32.Build.0 = Release|Win32
		{A3CE62FF-DC16-DC47-B04E-C8EABA056CAB}.Release|x64.ActiveCfg = Release|x64
		{A3CE62FF-DC16-DC47-B04E-C8EABA056CAB}.Release|x64.Build.0 = Release|x64
		{B90896F9-00A0-6344-B42F-945C1F85406B}.Debug|Win32.ActiveCfg = Debug|Win32
		{B90896F9-00A0-6344-B42F-945C1F85406B}.Debug|Win32.Build.0 = Debug|Win32
		{B90896F9-00A0-6344-B42F-945C1F85406B}.Debug|x64.ActiveCfg = Debug|x64
		{B90896F9-00A0-6344-B42F-945C1F85406B}.Debug|x64.Build.0 = Debug|x64
		{B90896F9-00A0-6344-B42F-945C1F85406B}.Release|Win32.ActiveCfg = Release|Win32
		{B90896F9-00A0-6344-B42F-945C1F85406B}.Release|Win32.Build.0 = Release|Win32
		{B90896F9-00A0-6344-B42F-945C1F85406B}.Release|x64.ActiveCfg = Release|x64
		{B90896F9-00A0-6344-B42F-945C1F85406B}.Release|x64.Build.0 = Release|x64
		{A8260A4D-A951-B84D-A37B-CEEB6C10BA20}.Debug|Win32.ActiveCfg = Debug|Win32
		{A8260A4D-A951-B84D-A37B-CEEB6C10BA20}.Debug|Win32.Build.0 = Debug|Win32
		{A8260A4D-A951-B84D-A37B-CEEB6C10BA20}.Debug|x64.ActiveCfg = Debug|x64
		{A8260A4D-A951-B84D-A37B-CEEB6C10BA20}.Debug|x64.Build.0 = Debug|x64
		{A8260A4D-A951-B84D-A37B-CEEB6C10BA20}.Release|Win32.ActiveCfg = Release|Win32
		{A8260A4D-A951-B84D-A37B-CEEB6C10BA20}.Release|Win32.Build.0 = Release|Win32
		{A8260A4D-A951-B84D-A37B-CEEB6C10BA20}.Release|x64.ActiveCfg = Release|x64
		{A8260A4D-A951-B84D-A37B-CEEB6C10BA20}.Release|x64.Build.0 = Release|x64
		{1DD79D95-0364-B744-BB20-9C73268B5E79}.Debug|Win32.ActiveCfg = Debug|Win32
		{1DD79D95-0364-B744-BB20-9C73268B5E79}.Debug|x64.ActiveCfg = Debug|x64
		{1DD79D95-0364-B744-BB20-9C73268B5E79}.Release|Win32.ActiveCfg = Release|Win32
		{1DD79D95-0364-B744-BB20-9C73268B5E79}.Release|x64.ActiveCfg = Release|x64
		{7348C6C5-D2B7-454F-8F29-A61086D8FB1B}.Debug|Win32.ActiveCfg = Debug|Win32
		{7348C6C5-D2B7-454F-8F29-A61086D8FB1B}.Debug|Win32.Build.0 = Debug|Win32
		{7348C6C5-D2B7-454F-8F29-A61086D8FB1B}.Debug|x64.ActiveCfg = Debug|x64
		{7348C6C5-D2B7-454F-8F29-A61086D8FB1B}.Debug|x64.Build.0 = Debug|x64
		{7348C6C5-D2B7-454F-8F29-A61086D8FB1B}.Release|Win32.ActiveCfg = Release|Win32
		{7348C6C5-D2B7-454F-8F29-A61086D8FB1B}.Release|Win32.Build.0 = Release|Win32
		{7348C6C5-D2B7-454F-8F29-A61086D8FB1B}.Release|x64.ActiveCfg = Release|x64
		{7348C6C5-D2B7-454F-8F29-A61086D8FB1B}.Release|x64.Build.0 = Release|x64
		{E6D34EF0-FCBC-1E46-9F3F-31EE52975E39}.Debug|Win32.ActiveCfg = Debug|Win32
		{E6D34EF0-FCBC-1E46-9F3F-31EE52975E39}.Debug|Win32.Build.0 = Debug|Win32
		{E6D34EF0-FCBC-1E46-9F3F-31EE52975E39}.Debug|x64.ActiveCfg = Debug|x64
		{E6D34EF0-FCBC-1E46-9F3F-31EE52975E39}.Debug|x64.Build.0 = Debug|x64
		{E6D34EF0-FCBC-1E46-9F3F-31EE52975E39}.Release|Win32.ActiveCfg = Release|Win32
		{E6D34EF0-FCBC-1E46-9F3F-31EE52975E39}.Release|Win32.Build.0 = Release|Win32
		{E6D34EF0-FCBC-1E46-9F3F-31EE52975E39}.Release|x64.ActiveCfg = Release|x64
		{E6D34EF0-FCBC-1E46-9F3F-31EE52975E39}.Release|x64.Build.0 = Release|x64
		{4D645CE3-D770-E34B-964B-9D9A025E7342}.Debug|Win32.ActiveCfg = Debug|Win32
		{4D645CE3-D770-E34B-964B-9D9A025E7342}.Debug|Win32.Build.0 = Debug|Win32
		{4D645CE3-D770-E34B-964B-9D9A025E7342}.Debug|x64.ActiveCfg = Debug|x64
		{4D645CE3-D770-E34B-964B-9D9A025E7342}.Debug|x64.Build.0 = Debug|x64
		{4D645CE3-D770-E34B-964B-9D9A025E7342}.Release|Win32.ActiveCfg = Release|Win32
		{4D645CE3-D770-E34B-964B-9D9A025E7342}.Release|Win32.Build.0 = Release|Win32
		{4D645CE3-D770-E34B-964B-9D9A025E7342}.Release|x64.ActiveCfg = Release|x64
		{4D645CE3-D770-E34B-964B-9D9A025E7342}.Release|x64.Build.0 = Release|x64
		{BD3A3F6A-3DD0-6444-AE27-9CC2AA3CA2F1}.Debug|Win32.ActiveCfg = Debug|Win32
		{BD3A3F6A-3DD0-6444-AE27-9CC2AA3CA2F1}.Debug|Win32.Build.0 = Debug|Win32
		{BD3A3F6A-3DD0-6444-AE27-9CC2AA3CA2F1}.Debug|x64.ActiveCfg = Debug|x64
		{BD3A3F6A-3DD0-6444-AE27-9CC2AA3CA2F1}.Debug|x64.Build.0 = Debug|x64
		{BD3A3F6A-3DD0-6444-AE27-9CC2AA3CA2F1}.Release|Win32.ActiveCfg = Release|Win32
		{BD3A3F6A-3DD0-6444-AE27-9CC2AA3CA2F1}.Release|Win32.Build.0 = Release|Win32
		{BD3A3F6A-3DD0-6444-AE27-9CC2AA3CA2F1}.Release|x64.ActiveCfg = Release|x64
		{BD3A3F6A-3DD0-6444-AE27-9CC2AA3CA2F1}.Release|x64.Build.0 = Release|x64
		{7EF9927D-FC2E-EA4D-8186-2CB977CC62DE}.Debug|Win32.ActiveCfg = Debug|Win32
		{7EF9927D-FC2E-EA4D-8186-2CB977CC62DE}.Debug|Win32.Build.0 = Debug|Win32
		{7EF9927D-FC2E-EA4D-8186-2CB977CC62DE}.Debug|x64.ActiveCfg = Debug|x64
		{7EF9927D-FC2E-EA4D-8186-2CB977CC62DE}.Debug|x64.Build.0 = Debug|x64
		{7EF9927D-FC2E-EA4D-8186-2CB977CC62DE}.Release|Win32.ActiveCfg = Release|Win32
		{7EF9927D-FC2E-EA4D-8186-2CB977CC62DE}.Release|Win32.Build.0 = Release|Win32
		{7EF9927D-FC2E-EA4D-8186-2CB977CC62DE}.Release|x64.ActiveCfg = Release|x64
		{7EF9927D-FC2E-EA4D-8186-2CB977CC62DE}.Release|x64.Build.0 = Release|x64
		{5E9AC8B9-9140-A94C-8BEE-BC9D86D7027F}.Debug|Win32.ActiveCfg = Debug|Win32
		{5E9AC8B9-9140-A94C-8BEE-BC9D86D7027F}.Debug|Win32.Build.0 = Debug|Win32
		{5E9AC8B9-9140-A94C-8BEE-BC9D86D7027F}.Debug|x64.ActiveCfg = Debug|x64
		{5E9AC8B9-9140-A94C-8BEE-BC9D86D7027F}.Debug|x64.Build.0 = Debug|x64
		{5E9AC8B9-9140-A94C-8BEE-BC9D86D7027F}.Release|Win32.ActiveCfg = Release|Win32
		{5E9AC8B9-9140-A94C-8BEE-BC9D86D7027F}.Release|Win32.Build.0 = Release|Win32
		{5E9AC8B9-9140-A94C-8BEE-BC9D86D7027F}.Release|x64.ActiveCfg = Release|x64
		{5E9AC8B9-9140-A94C-8BEE-BC9D86D7027F}.Release|x64.Build.0 = Release|x64
		{B3E70E24-CA64-314F-9D18-09D5A87B1D4B}.Debug|Win32.ActiveCfg = Debug|Win32
		{B3E70E24-CA64-314F-9D18-09D5A87B1D4B}.Debug|Win32.Build.0 = Debug|Win32
		{B3E70E24-CA64-314F-9D18-09D5A87B1D4B}.Debug|x64.ActiveCfg = Debug|x64
		{B3E70E24-CA64-314F-9D18-09D5A87B1D4B}.Debug|x64.Build.0 = Debug|x64
		{B3E70E24-CA64-314F-9D18-09D5A87B1D4B}.Release|Win32.ActiveCfg = Release|Win32
		{B3E70E24-CA64-314F-9D18-09D5A87B1D4B}.Release|Win32.Build.0 = Release|Win32
		{B3E70E24-CA64-314F-9D18-09D5A87B1D4B}.Release|x64.ActiveCfg = Release|x64
		{B3E70E24-CA64-314F-9D18-09D5A87B1D4B}.Release|x64.Build.0 = Release|x64
		{B46D1595-5AD1-F84D-A96F-13074B0A1E52}.Debug|Win32.ActiveCfg = Debug|Win32
		{B46D1595-5AD1-F84D-A96F-13074B0A1E52}.Debug|Win32.Build.0 = Debug|Win32
		{B46D1595-5AD1-F84D-A96F-13074B0A1E52}.Debug|x64.ActiveCfg = Debug|x64
		{B46D1595-5AD1-F84D-A96F-13074B0A1E52}.Debug|x64.Build.0 = Debug|x64
		{B46D1595-5AD1-F84D-A96F-13074B0A1E52}.Release|Win32.ActiveCfg = Release|Win32
		{B46D1595-5AD1-F84D-A96F-13074B0A1E52}.Release|Win32.Build.0 = Release|Win32
		{B46D1595-5AD1-F84D-A96F-13074B0A1E52}.Release|x64.ActiveCfg = Release|x64
		{B46D1595-5AD1-F84D-A96F-13074B0A1E52}.Release|x64.Build.0 = Release|x64
		{4ACE1187-D08D-B14F-B260-12D5259FB1A4}.Debug|Win32.ActiveCfg = Debug|Win32
		{4ACE1187-D08D-B14F-B260-12D5259FB1A4}.Debug|Win32.Build.0 = Debug|Win32
		{4ACE1187-D08D-B14F-B260-12D5259FB1A4}.Debug|x64.ActiveCfg = Debug|x64
		{4ACE1187-D08D-B14F-B260-12D5259FB1A4}.Debug|x64.Build.0 = Debug|x64
		{4ACE1187-D08D-B14F-B260-12D5259FB1A4}.Release|Win32.ActiveCfg = Release|Win32
		{4ACE1187-D08D-B14F-B260-12D5259FB1A4}.Release|Win32.Build.0 = Release|Win32
		{4ACE1187-D08D-B14F-B260-12D5259FB1A4}.Release|x64.ActiveCfg = Release|x64
		{4ACE1187-D08D-B14F-B260-12D5259FB1A4}.Release|x64.Build.0 = Release|x64
		{859F7E3F-E6F1-6948-A1A7-4106DE329AF1}.Debug|Win32.ActiveCfg = Debug|Win32
		{859F7E3F-E6F1-6948-A1A7-4106DE329AF1}.Debug|Win32.Build.0 = Debug|Win32
		{859F7E3F-E6F1-6948-A1A7-4106DE329AF1}.Debug|x64.ActiveCfg = Debug|x64
		{859F7E3F-E6F1-6948-A1A7-4106DE329AF1}.Debug|x64.Build.0 = Debug|x64
		{859F7E3F-E6F1-6948-A1A7-4106DE329AF1}.Release|Win32.ActiveCfg = Release|Win32
		{859F7E3F-E6F1-6948-A1A7-4106DE329AF1}.Release|Win32.Build.0 = Release|Win32
		{859F7E3F-E6F1-6948-A1A7-4106DE329AF1}.Release|x64.ActiveCfg = Release|x64
		{859F7E3F-E6F1-6948-A1A7-4106DE329AF1}.Release|x64.Build.0 = Release|x64
		{6FE47C71-6989-5E49-9E85-A0EBEB6DD9EC}.Debug|Win32.ActiveCfg = Debug|Win32
		{6FE47C71-6989-5E49-9E85-A0EBEB6DD9EC}.Debug|Win32.Build.0 = Debug|Win32
		{6FE47C71-6989-5E49-9E85-A0EBEB6DD9EC}.Debug|x64.ActiveCfg = Debug|x64
		{6FE47C71-6989-5E49-9E85-A0EBEB6DD9EC}.Debug|x64.Build.0 = Debug|x64
		{6FE47C71-6989-5E49-9E85-A0EBEB6DD9EC}.Release|Win32.ActiveCfg = Release|Win32
		{6FE47C71-6989-5E49-9E85-A0EBEB6DD9EC}.Release|Win32.Build.0 = Release|Win32
		{6FE47C71-6989-5E49-9E85-A0EBEB6DD9EC}.Release|x64.ActiveCfg = Release|x64
		{6FE47C71-6989-5E49-9E85-A0EBEB6DD9EC}.Release|x64.Build.0 = Release|x64
		{3A6D48A6-44ED-BC42-997A-2F109E6855BA}.Debug|Win32.ActiveCfg = Debug|Win32
		{3A6D48A6-44ED-BC42-997A-2F109E6855BA}.Debug|Win32.Build.0 = Debug|Win32
		{3A6D48A6-44ED-BC42-997A-2F109E6855BA}.Debug|x64.ActiveCfg = Debug|x64
		{3A6D48A6-44ED-BC42-997A-2F109E6855BA}.Debug|x64.Build.0 = Debug|x64
		{3A6D48A6-44ED-BC42-997A-2F109E6855BA}.Release|Win32.ActiveCfg = Release|Win32
		{3A6D48A6-44ED-BC42-997A-2F109E6855BA}.Release|Win32.Build.0 = Release|Win32
		{3A6D48A6-44ED-BC42-997A-2F109E6855BA}.Release|x64.ActiveCfg = Release|x64
		{3A6D48A6-44ED-BC42-997A-2F109E6855BA}.Release|x64.Build.0 = Release|x64
		{25813F96-6E60-3D4F-9352-DA571806AAEF}.Debug|Win32.ActiveCfg = Debug|Win32
		{25813F96-6E60-3D4F-9352-DA571806AAEF}.Debug|Win32.Build.0 = Debug|Win32
		{25813F96-6E60-3D4F-9352-DA571806AAEF}.Debug|x64.ActiveCfg = Debug|x64
		{25813F96-6E60-3D4F-9352-DA571806AAEF}.Debug|x64.Build.0 = Debug|x64
		{25813F96-6E60-3D4F-9352-DA571806AAEF}.Release|Win32.ActiveCfg = Release|Win32
		{25813F96-6E60-3D4F-9352-DA571806AAEF}.Release|Win32.Build.0 = Release|Win32
		{25813F96-6E60-3D4F-9352-DA571806AAEF}.Release|x64.ActiveCfg = Release|x64
		{25813F96-6E60-3D4F-9352-DA571806AAEF}.Release|x64.Build.0 = Release|x64
		{22176CB9-0B27-0F4B-8249-559238D93372}.Debug|Win32.ActiveCfg = Debug|Win32
		{22176CB9-0B27-0F4B-8249-559238D93372}.Debug|Win32.Build.0 = Debug|Win32
		{22176CB9-0B27-0F4B-8249-559238D93372}.Debug|x64.ActiveCfg = Debug|x64
		{22176CB9-0B27-0F4B-8249-559238D93372}.Debug|x64.Build.0 = Debug|x64
		{22176CB9-0B27-0F4B-8249-559238D93372}.Release|Win32.ActiveCfg = Release|Win32
		{22176CB9-0B27-0F4B-8249-559238D93372}.Release|Win32.Build.0 = Release|Win32
		{22176CB9-0B27-0F4B-8249-559238D93372}.Release|x64.ActiveCfg = Release|x64
		{22176CB9-0B27-0F4B-8249-559238D93372}.Release|x64.Build.0 = Release|x64
		{6783C57F-E169-F142-8C67-261EB3072FDD}.Debug|Win32.ActiveCfg = Debug|Win32
		{6783C57F-E169-F142-8C67-261EB3072FDD}.Debug|Win32.Build.0 = Debug|Win32
		{6783C57F-E169-F142-8C67-261EB3072FDD}.Debug|x64.ActiveCfg = Debug|x64
		{6783C57F-E169-F142-8C67-261EB3072FDD}.Debug|x64.Build.0 = Debug|x64
		{6783C57F-E169-F142-8C67-261EB3072FDD}.Release|Win32.ActiveCfg = Release|Win32
		{6783C57F-E169-F142-8C67-261EB3072FDD}.Release|Win32.Build.0 = Release|Win32
		{6783C57F-E169-F142-8C67-261EB3072FDD}.Release|x64.ActiveCfg = Release|x64
		{6783C57F-E169-F142-8C67-261EB3072FDD}.Release|x64.Build.0 = Release|x64
		{DEFD6B0D-554E-0448-A537-2FF078E53EA0}.Debug|Win32.ActiveCfg = Debug|Win32
		{DEFD6B0D-554E-0448-A537-2FF078E53EA0}.Debug|Win32.Build.0 = Debug|Win32
		{DEFD6B0D-554E-0448-A537-2FF078E53EA0}.Debug|x64.ActiveCfg = Debug|x64
		{DEFD6B0D-554E-0448-A537-2FF078E53EA0}.Debug|x64.Build.0 = Debug|x64
		{DEFD6B0D-554E-0448-A537-2FF078E53EA0}.Release|Win32.ActiveCfg = Release|Win32
		{DEFD6B0D-554E-0448-A537-2FF078E53EA0}.Release|Win32.Build.0 = Release|Win32
		{DEFD6B0D-554E-0448-A537-2FF078E53EA0}.Release|x64.ActiveCfg = Release|x64
		{DEFD6B0D-554E-0448-A537-2FF078E53EA0}.Release|x64.Build.0 = Release|x64
		{3CB162B8-C57D-9144-BA7A-4AB3E918D8EA}.Debug|Win32.ActiveCfg = Debug|Win32
		{3CB162B8-C57D-9144-BA7A-4AB3E918D8EA}.Debug|Win32.Build.0 = Debug|Win32
		{3CB162B8-C57D-9144-BA7A-4AB3E918D8EA}.Debug|x64.ActiveCfg = Debug|x64
		{3CB162B8-C57D-9144-BA7A-4AB3E918D8EA}.Debug|x64.Build.0 = Debug|x64
		{3CB162B8-C57D-9144-BA7A-4AB3E918D8EA}.Release|Win32.ActiveCfg = Release|Win32
		{3CB162B8-C57D-9144-BA7A-4AB3E918D8EA}.Release|Win32.Build.0 = Release|Win32
		{3CB162B8-C57D-9144-BA7A-4AB3E918D8EA}.Release|x64.ActiveCfg = Release|x64
		{3CB162B8-C57D-9144-BA7A-4AB3E918D8EA}.Release|x64.Build.0 = Release|x64
		{129C899E-393A-F343-82F7-A3AA988136D2}.Debug|Win32.ActiveCfg = Debug|Win32
		{129C899E-393A-F343-82F7-A3AA988136D2}.Debug|Win32.Build.0 = Debug|Win32
		{129C899E-393A-F343-82F7-A3AA988136D2}.Debug|x64.ActiveCfg = Debug|x64
		{129C899E-393A-F343-82F7-A3AA988136D2}.Debug|x64.Build.0 = Debug|x64
		{129C899E-393A-F343-82F7-A3AA988136D2}.Release|Win32.ActiveCfg = Release|Win32
		{129C899E-393A-F343-82F7-A3AA988136D2}.Release|Win32.Build.0 = Release|Win32
		{129C899E-393A-F343-82F7-A3AA988136D2}.Release|x64.ActiveCfg = Release|x64
		{129C899E-393A-F343-82F7-A3AA988136D2}.Release|x64.Build.0 = Release|x64
		{8B2D132B-919F-6641-AC59-B4FD8AAE4787}.Debug|Win32.ActiveCfg = Debug|Win32
		{8B2D132B-919F-6641-AC59-B4FD8AAE4787}.Debug|Win32.Build.0 = Debug|Win32
		{8B2D132B-919F-6641-AC59-B4FD8AAE4787}.Debug|x64.ActiveCfg = Debug|x64
		{8B2D132B-919F-6641-AC59-B4FD8AAE4787}.Debug|x64.Build.0 = Debug|x64
		{8B2D132B-919F-6641-AC59-B4FD8AAE4787}.Release|Win32.ActiveCfg = Release|Win32
		{8B2D132B-919F-6641-AC59-B4FD8AAE4787}.Release|Win32.Build.0 = Release|Win32
		{8B2D132B-919F-6641-AC59-B4FD8AAE4787}.Release|x64.ActiveCfg = Release|x64
		{8B2D132B-919F-6641-AC59-B4FD8AAE4787}.Release|x64.Build.0 = Release|x64
		{2C124003-E4BB-7648-95DB-8D72DF19CA93}.Debug|Win32.ActiveCfg = Debug|Win32
		{2C124003-E4BB-7648-95DB-8D72DF19CA93}.Debug|Win32.Build.0 = Debug|Win32
		{2C124003-E4BB-7648-95DB-8D72DF19CA93}.Debug|x64.ActiveCfg = Debug|x64
		{2C124003-E4BB-7648-95DB-8D72DF19CA93}.Debug|x64.Build.0 = Debug|x64
		{2C124003-E4BB-7648-95DB-8D72DF19CA93}.Release|Win32.ActiveCfg = Release|Win32
		{2C124003-E4BB-7648-95DB-8D72DF19CA93}.Release|Win32.Build.0 = Release|Win32
		{2C124003-E4BB-7648-95DB-8D72DF19CA93}.Release|x64.ActiveCfg = Release|x64
		{2C124003-E4BB-7648-95DB-8D72DF19CA93}.Release|x64.Build.0 = Release|x64
		{5367A4DA-9BC8-A74D-93AE-2F0C85F06221}.Debug|Win32.ActiveCfg = Debug|Win32
		{5367A4DA-9BC8-A74D-93AE-2F0C85F06221}.Debug|Win32.Build.0 = Debug|Win32
		{5367A4DA-9BC8-A74D-93AE-2F0C85F06221}.Debug|x64.ActiveCfg = Debug|x64
		{5367A4DA-9BC8-A74D-93AE-2F0C85F06221}.Debug|x64.Build.0 = Debug|x64
		{5367A4DA-9BC8-A74D-93AE-2F0C85F06221}.Release|Win32.ActiveCfg = Release|Win32
		{5367A4DA-9BC8-A74D-93AE-2F0C85F06221}.Release|Win32.Build.0 = Release|Win32
		{5367A4DA-9BC8-A74D-93AE-2F0C85F06221}.Release|x64.ActiveCfg = Release|x64
		{5367A4DA-9BC8-A74D-93AE-2F0C85F06221}.Release|x64.Build.0 = Release|x64
		{13BC8F78-C245-1642-8BDD-88F335133C76}.Debug|Win32.ActiveCfg = Debug|Win32
		{13BC8F78-C245-1642-8BDD-88F335133C76}.Debug|Win32.Build.0 = Debug|Win32
		{13BC8F78-C245-1642-8BDD-88F335133C76}.Debug|x64.ActiveCfg = Debug|x64
		{13BC8F78-C245-1642-8BDD-88F335133C76}.Debug|x64.Build.0 = Debug|x64
		{13BC8F78-C245-1642-8BDD-88F335133C76}.Release|Win32.ActiveCfg = Release|Win32
		{13BC8F78-C245-1642-8BDD-88F335133C76}.Release|Win32.Build.0 = Release|Win32
		{13BC8F78-C245-1642-8BDD-88F335133C76}.Release|x64.ActiveCfg = Release|x64
		{13BC8F78-C245-1642-8BDD-88F335133C76}.Release|x64.Build.0 = Release|x64
		{6E6F7E3A-5D7C-DC49-987A-87D5FD8018A2}.Debug|Win32.ActiveCfg = Debug|Win32
		{6E6F7E3A-5D7C-DC49-987A-87D5FD8018A2}.Debug|Win32.Build.0 = Debug|Win32
		{6E6F7E3A-5D7C-DC49-987A-87D5FD8018A2}.Debug|x64.ActiveCfg = Debug|x64
		{6E6F7E3A-5D7C-DC49-987A-87D5FD8018A2}.Debug|x64.Build.0 = Debug|x64
		{6E6F7E3A-5D7C-DC49-987A-87D5FD8018A2}.Release|Win32.ActiveCfg = Release|Win32
		{6E6F7E3A-5D7C-DC49-987A-87D5FD8018A2}.Release|Win32.Build.0 = Release|Win32
		{6E6F7E3A-5D7C-DC49-987A-87D5FD8018A2}.Release|x64.ActiveCfg = Release|x64
		{6E6F7E3A-5D7C-DC49-987A-87D5FD8018A2}.Release|x64.Build.0 = Release|x64
		{067A6CB8-EB3C-C641-85AC-FCAD34F5A70A}.Debug|Win32.ActiveCfg = Debug|Win32
		{067A6CB8-EB3C-C641-85AC-FCAD34F5A70A}.Debug|Win32.Build.0 = Debug|Win32
		{067A6CB8-EB3C-C641-85AC-FCAD34F5A70A}.Debug|x64.ActiveCfg = Debug|x64
		{067A6CB8-EB3C-C641-85AC-FCAD34F5A70A}.Debug|x64.Build.0 = Debug|x64
		{067A6CB8-EB3C-C641-85AC-FCAD34F5A70A}.Release|Win32.ActiveCfg = Release|Win32
		{067A6CB8-EB3C-C641-85AC-FCAD34F5A70A}.Release|Win32.Build.0 = Release|Win32
		{067A6CB8-EB3C-C641-85AC-FCAD34F5A70A}.Release|x64.ActiveCfg = Release|x64
		{067A6CB8-EB3C-C641-85AC-FCAD34F5A70A}.Release|x64.Build.0 = Release|x64
		{9161908E-AEFA-C74F-B959-ED3A4E62C5E7}.Debug|Win32.ActiveCfg = Debug|Win32
		{9161908E-AEFA-C74F-B959-ED3A4E62C5E7}.Debug|Win32.Build.0 = Debug|Win32
		{9161908E-AEFA-C74F-B959-ED3A4E62C5E7}.Debug|x64.ActiveCfg = Debug|x64
		{9161908E-AEFA-C74F-B959-ED3A4E62C5E7}.Debug|x64.Build.0 = Debug|x64
		{9161908E-AEFA-C74F-B959-ED3A4E62C5E7}.Release|Win32.ActiveCfg = Release|Win32
		{9161908E-AEFA-C74F-B959-ED3A4E62C5E7}.Release|Win32.Build.0 = Release|Win32
		{9161908E-AEFA-C74F-B959-ED3A4E62C5E7}.Release|x64.ActiveCfg = Release|x64
		{9161908E-AEFA-C74F-B959-ED3A4E62C5E7}.Release|x64.Build.0 = Release|x64
		{F44B6455-B560-564B-B6A0-71C54948C696}.Debug|Win32.ActiveCfg = Debug|Win32
		{F44B6455-B560-564B-B6A0-71C54948C696}.Debug|Win32.Build.0 = Debug|Win32
		{F44B6455-B560-564B-B6A0-71C54948C696}.Debug|x64.ActiveCfg = Debug|x64
		{F44B6455-B560-564B-B6A0-71C54948C696}.Debug|x64.Build.0 = Debug|x64
		{F44B6455-B560-564B-B6A0-71C54948C696}.Release|Win32.ActiveCfg = Release|Win32
		{F44B6455-B560-564B-B6A0-71C54948C696}.Release|Win32.Build.0 = Release|Win32
		{F44B6455-B560-564B-B6A0-71C54948C696}.Release|x64.ActiveCfg = Release|x64
		{F44B6455-B560-564B-B6A0-71C54948C696}.Release|x64.Build.0 = Release|x64
		{37032515-9F3C-B74D-8179-FF74F402F17D}.Debug|Win32.ActiveCfg = Debug|Win32
		{37032515-9F3C-B74D-8179-FF74F402F17D}.Debug|Win32.Build.0 = Debug|Win32
		{37032515-9F3C-B74D-8179-FF74F402F17D}.Debug|x64.ActiveCfg = Debug|x64
		{37032515-9F3C-B74D-8179-FF74F402F17D}.Debug|x64.Build.0 = Debug|x64
		{37032515-9F3C-B74D-8179-FF74F402F17D}.Release|Win32.ActiveCfg = Release|Win32
		{37032515-9F3C-B74D-8179-FF74F402F17D}.Release|Win32.Build.0 = Release|Win32
		{37032515-9F3C-B74D-8179-FF74F402F17D}.Release|x64.ActiveCfg = Release|x64
		{37032515-9F3C-B74D-8179-FF74F402F17D}.Release|x64.Build.0 = Release|x64
		{9987E520-6B84-9D47-9B8F-DBF2655C917A}.Debug|Win32.ActiveCfg = Debug|Win32
		{9987E520-6B84-9D47-9B8F-DBF2655C917A}.Debug|Win32.Build.0 = Debug|Win32
		{9987E520-6B84-9D47-9B8F-DBF2655C917A}.Debug|x64.ActiveCfg = Debug|x64
		{9987E520-6B84-9D47-9B8F-DBF2655C917A}.Debug|x64.Build.0 = Debug|x64
		{9987E520-6B84-9D47-9B8F-DBF2655C917A}.Release|Win32.ActiveCfg = Release|Win32
		{9987E520-6B84-9D47-9B8F-DBF2655C917A}.Release|Win32.Build.0 = Release|Win32
		{9987E520-6B84-9D47-9B8F-DBF2655C917A}.Release|x64.ActiveCfg = Release|x64
		{9987E520-6B84-9D47-9B8F-DBF2655C917A}.Release|x64.Build.0 = Release|x64
		{9CC1D2EC-6CCB-8A41-AC81-19FD3296B52E}.Debug|Win32.ActiveCfg = Debug|Win32
		{9CC1D2EC-6CCB-8A41-AC81-19FD3296B52E}.Debug|Win32.Build.0 = Debug|Win32
		{9CC1D2EC-6CCB-8A41-AC81-19FD3296B52E}.Debug|x64.ActiveCfg = Debug|x64
		{9CC1D2EC-6CCB-8A41-AC81-19FD3296B52E}.Debug|x64.Build.0 = Debug|x64
		{9CC1D2EC-6CCB-8A41-AC81-19FD3296B52E}.Release|Win32.ActiveCfg = Release|Win32
		{9CC1D2EC-6CCB-8A41-AC81-19FD3296B52E}.Release|Win32.Build.0 = Release|Win32
		{9CC1D2EC-6CCB-8A41-AC81-19FD3296B52E}.Release|x64.ActiveCfg = Release|x64
		{9CC1D2EC-6CCB-8A41-AC81-19FD3296B52E}.Release|x64.Build.0 = Release|x64
		{20FC7AF7-A8BD-6446-BF3C-367470950CC8}.Debug|Win32.ActiveCfg = Debug|Win32
		{20FC7AF7-A8BD-6446-BF3C-367470950CC8}.Debug|Win32.Build.0 = Debug|Win32
		{20FC7AF7-A8BD-6446-BF3C-367470950CC8}.Debug|x64.ActiveCfg = Debug|x64
		{20FC7AF7-A8BD-6446-BF3C-367470950CC8}.Debug|x64.Build.0 = Debug|x64
		{20FC7AF7-A8BD-6446-BF3C-367470950CC8}.Release|Win32.ActiveCfg = Release|Win32
		{20FC7AF7-A8BD-6446-BF3C-367470950CC8}.Release|Win32.Build.0 = Release|Win32
		{20FC7AF7-A8BD-6446-BF3C-367470950CC8}.Release|x64.ActiveCfg = Release|x64
		{20FC7AF7-A8BD-6446-BF3C-367470950CC8}.Release|x64.Build.0 = Release|x64
		{2A3727D9-9A74-A042-9D05-F57047CE1891}.Debug|Win32.ActiveCfg = Debug|Win32
		{2A3727D9-9A74-A042-9D05-F57047CE1891}.Debug|Win32.Build.0 = Debug|Win32
		{2A3727D9-9A74-A042-9D05-F57047CE1891}.Debug|x64.ActiveCfg = Debug|x64
		{2A3727D9-9A74-A042-9D05-F57047CE1891}.Debug|x64.Build.0 = Debug|x64
		{2A3727D9-9A74-A042-9D05-F57047CE1891}.Release|Win32.ActiveCfg = Release|Win32
		{2A3727D9-9A74-A042-9D05-F57047CE1891}.Release|Win32.Build.0 = Release|Win32
		{2A3727D9-9A74-A042-9D05-F57047CE1891}.Release|x64.ActiveCfg = Release|x64
		{2A3727D9-9A74-A042-9D05-F57047CE1891}.Release|x64.Build.0 = Release|x64
	EndGlobalSection
	GlobalSection(SolutionProperties) = preSolution
		HideSolutionNode = FALSE
	EndGlobalSection
EndGlobal
